
Microsoft Visual Studio Solution File, Format Version 12.00
# Visual Studio 15
VisualStudioVersion = 15.0.27428.2015
MinimumVisualStudioVersion = 10.0.40219.1
Project("{2150E333-8FDC-42A3-9474-1A3956D46DE8}") = "BusinessLogic", "BusinessLogic", "{1B375028-0E36-47E7-AD5B-E3E386FBA5B0}"
EndProject
Project("{9A19103F-16F7-4668-BE54-9A1E7A4F7556}") = "BackUpSystem.DTO", "BackUpSystem.DTO\BackUpSystem.DTO.csproj", "{58856985-4974-44D0-A79D-7CED3F41D9DA}"
EndProject
Project("{9A19103F-16F7-4668-BE54-9A1E7A4F7556}") = "BackUpSytem.Services.Data", "BackUpSytem.Services.Data\BackUpSytem.Services.Data.csproj", "{475BD7AE-63FA-4517-A16B-E9A7E223813E}"
EndProject
Project("{9A19103F-16F7-4668-BE54-9A1E7A4F7556}") = "BackUpSystem.Services.External", "BackUpSystem.Services.External\BackUpSystem.Services.External.csproj", "{7FA9B0B7-090A-4B5B-B8D6-53267042F054}"
EndProject
Project("{2150E333-8FDC-42A3-9474-1A3956D46DE8}") = "Data", "Data", "{EDB9D1C3-A969-41B1-88F4-598FFAEDD558}"
EndProject
Project("{9A19103F-16F7-4668-BE54-9A1E7A4F7556}") = "BackUpSystem.Data", "BackUpSystem.Data\BackUpSystem.Data.csproj", "{8340FE18-36C0-4143-8A91-6D6743EA9DFA}"
EndProject
Project("{9A19103F-16F7-4668-BE54-9A1E7A4F7556}") = "BackUpSystem.Data.Models", "BackUpSystem.Data.Models\BackUpSystem.Data.Models.csproj", "{68DE6621-EC5B-4EF9-9584-F21B36CDCEA3}"
EndProject
Project("{2150E333-8FDC-42A3-9474-1A3956D46DE8}") = "Presentation", "Presentation", "{C196650F-499A-48EE-A4EA-1DF54CE4B8AF}"
EndProject
Project("{9A19103F-16F7-4668-BE54-9A1E7A4F7556}") = "BackUpSystem.Web", "BackUpSystem.Web\BackUpSystem.Web.csproj", "{BDDE6163-5BC0-44F4-843A-9C54B8CF8F10}"
EndProject
Project("{9A19103F-16F7-4668-BE54-9A1E7A4F7556}") = "BackUpSystem.Services.Auth", "BackUpSystem.Services.Auth\BackUpSystem.Services.Auth.csproj", "{885FF3B3-83A5-4AE1-A2CA-BA63A2F79B29}"
EndProject
Project("{2150E333-8FDC-42A3-9474-1A3956D46DE8}") = "Tests", "Tests", "{C9007EE8-CD17-477E-B4A8-FEF70A29BD5A}"
EndProject
Project("{9A19103F-16F7-4668-BE54-9A1E7A4F7556}") = "BackUpSystem.Services.Auth.UnitTests", "BackUpSystem.Services.Auth.UnitTests\BackUpSystem.Services.Auth.UnitTests.csproj", "{DE900E20-C2B6-4B48-B73A-A5D79889ABDF}"
EndProject
Project("{9A19103F-16F7-4668-BE54-9A1E7A4F7556}") = "BackUpSystem.Utilities", "BackUpSystem.Utils\BackUpSystem.Utilities.csproj", "{371F3F30-EC10-49D1-A4AC-FFBD1E10472A}"
EndProject
Project("{9A19103F-16F7-4668-BE54-9A1E7A4F7556}") = "BackUpSystem.Data.Repositories", "BackUpSystem.Data.Repositories\BackUpSystem.Data.Repositories.csproj", "{F962FEB9-4089-4502-A61F-EBA8E35DD36C}"
EndProject
Global
	GlobalSection(SolutionConfigurationPlatforms) = preSolution
		Debug|Any CPU = Debug|Any CPU
		Release|Any CPU = Release|Any CPU
	EndGlobalSection
	GlobalSection(ProjectConfigurationPlatforms) = postSolution
		{58856985-4974-44D0-A79D-7CED3F41D9DA}.Debug|Any CPU.ActiveCfg = Debug|Any CPU
		{58856985-4974-44D0-A79D-7CED3F41D9DA}.Debug|Any CPU.Build.0 = Debug|Any CPU
		{58856985-4974-44D0-A79D-7CED3F41D9DA}.Release|Any CPU.ActiveCfg = Release|Any CPU
		{58856985-4974-44D0-A79D-7CED3F41D9DA}.Release|Any CPU.Build.0 = Release|Any CPU
		{475BD7AE-63FA-4517-A16B-E9A7E223813E}.Debug|Any CPU.ActiveCfg = Debug|Any CPU
		{475BD7AE-63FA-4517-A16B-E9A7E223813E}.Debug|Any CPU.Build.0 = Debug|Any CPU
		{475BD7AE-63FA-4517-A16B-E9A7E223813E}.Release|Any CPU.ActiveCfg = Release|Any CPU
		{475BD7AE-63FA-4517-A16B-E9A7E223813E}.Release|Any CPU.Build.0 = Release|Any CPU
		{7FA9B0B7-090A-4B5B-B8D6-53267042F054}.Debug|Any CPU.ActiveCfg = Debug|Any CPU
		{7FA9B0B7-090A-4B5B-B8D6-53267042F054}.Debug|Any CPU.Build.0 = Debug|Any CPU
		{7FA9B0B7-090A-4B5B-B8D6-53267042F054}.Release|Any CPU.ActiveCfg = Release|Any CPU
		{7FA9B0B7-090A-4B5B-B8D6-53267042F054}.Release|Any CPU.Build.0 = Release|Any CPU
		{8340FE18-36C0-4143-8A91-6D6743EA9DFA}.Debug|Any CPU.ActiveCfg = Debug|Any CPU
		{8340FE18-36C0-4143-8A91-6D6743EA9DFA}.Debug|Any CPU.Build.0 = Debug|Any CPU
		{8340FE18-36C0-4143-8A91-6D6743EA9DFA}.Release|Any CPU.ActiveCfg = Release|Any CPU
		{8340FE18-36C0-4143-8A91-6D6743EA9DFA}.Release|Any CPU.Build.0 = Release|Any CPU
		{68DE6621-EC5B-4EF9-9584-F21B36CDCEA3}.Debug|Any CPU.ActiveCfg = Debug|Any CPU
		{68DE6621-EC5B-4EF9-9584-F21B36CDCEA3}.Debug|Any CPU.Build.0 = Debug|Any CPU
		{68DE6621-EC5B-4EF9-9584-F21B36CDCEA3}.Release|Any CPU.ActiveCfg = Release|Any CPU
		{68DE6621-EC5B-4EF9-9584-F21B36CDCEA3}.Release|Any CPU.Build.0 = Release|Any CPU
		{BDDE6163-5BC0-44F4-843A-9C54B8CF8F10}.Debug|Any CPU.ActiveCfg = Debug|Any CPU
		{BDDE6163-5BC0-44F4-843A-9C54B8CF8F10}.Debug|Any CPU.Build.0 = Debug|Any CPU
		{BDDE6163-5BC0-44F4-843A-9C54B8CF8F10}.Release|Any CPU.ActiveCfg = Release|Any CPU
		{BDDE6163-5BC0-44F4-843A-9C54B8CF8F10}.Release|Any CPU.Build.0 = Release|Any CPU
		{885FF3B3-83A5-4AE1-A2CA-BA63A2F79B29}.Debug|Any CPU.ActiveCfg = Debug|Any CPU
		{885FF3B3-83A5-4AE1-A2CA-BA63A2F79B29}.Debug|Any CPU.Build.0 = Debug|Any CPU
		{885FF3B3-83A5-4AE1-A2CA-BA63A2F79B29}.Release|Any CPU.ActiveCfg = Release|Any CPU
		{885FF3B3-83A5-4AE1-A2CA-BA63A2F79B29}.Release|Any CPU.Build.0 = Release|Any CPU
		{DE900E20-C2B6-4B48-B73A-A5D79889ABDF}.Debug|Any CPU.ActiveCfg = Debug|Any CPU
		{DE900E20-C2B6-4B48-B73A-A5D79889ABDF}.Debug|Any CPU.Build.0 = Debug|Any CPU
		{DE900E20-C2B6-4B48-B73A-A5D79889ABDF}.Release|Any CPU.ActiveCfg = Release|Any CPU
		{DE900E20-C2B6-4B48-B73A-A5D79889ABDF}.Release|Any CPU.Build.0 = Release|Any CPU
		{371F3F30-EC10-49D1-A4AC-FFBD1E10472A}.Debug|Any CPU.ActiveCfg = Debug|Any CPU
		{371F3F30-EC10-49D1-A4AC-FFBD1E10472A}.Debug|Any CPU.Build.0 = Debug|Any CPU
		{371F3F30-EC10-49D1-A4AC-FFBD1E10472A}.Release|Any CPU.ActiveCfg = Release|Any CPU
		{371F3F30-EC10-49D1-A4AC-FFBD1E10472A}.Release|Any CPU.Build.0 = Release|Any CPU
		{F962FEB9-4089-4502-A61F-EBA8E35DD36C}.Debug|Any CPU.ActiveCfg = Debug|Any CPU
		{F962FEB9-4089-4502-A61F-EBA8E35DD36C}.Debug|Any CPU.Build.0 = Debug|Any CPU
		{F962FEB9-4089-4502-A61F-EBA8E35DD36C}.Release|Any CPU.ActiveCfg = Release|Any CPU
		{F962FEB9-4089-4502-A61F-EBA8E35DD36C}.Release|Any CPU.Build.0 = Release|Any CPU
	EndGlobalSection
	GlobalSection(SolutionProperties) = preSolution
		HideSolutionNode = FALSE
	EndGlobalSection
	GlobalSection(NestedProjects) = preSolution
		{58856985-4974-44D0-A79D-7CED3F41D9DA} = {1B375028-0E36-47E7-AD5B-E3E386FBA5B0}
		{475BD7AE-63FA-4517-A16B-E9A7E223813E} = {1B375028-0E36-47E7-AD5B-E3E386FBA5B0}
		{7FA9B0B7-090A-4B5B-B8D6-53267042F054} = {1B375028-0E36-47E7-AD5B-E3E386FBA5B0}
		{8340FE18-36C0-4143-8A91-6D6743EA9DFA} = {EDB9D1C3-A969-41B1-88F4-598FFAEDD558}
		{68DE6621-EC5B-4EF9-9584-F21B36CDCEA3} = {EDB9D1C3-A969-41B1-88F4-598FFAEDD558}
		{BDDE6163-5BC0-44F4-843A-9C54B8CF8F10} = {C196650F-499A-48EE-A4EA-1DF54CE4B8AF}
		{885FF3B3-83A5-4AE1-A2CA-BA63A2F79B29} = {1B375028-0E36-47E7-AD5B-E3E386FBA5B0}
		{DE900E20-C2B6-4B48-B73A-A5D79889ABDF} = {C9007EE8-CD17-477E-B4A8-FEF70A29BD5A}
		{371F3F30-EC10-49D1-A4AC-FFBD1E10472A} = {1B375028-0E36-47E7-AD5B-E3E386FBA5B0}
		{F962FEB9-4089-4502-A61F-EBA8E35DD36C} = {EDB9D1C3-A969-41B1-88F4-598FFAEDD558}
	EndGlobalSection
	GlobalSection(ExtensibilityGlobals) = postSolution
		SolutionGuid = {107CBD4F-9554-41C4-BB8C-63894940CE1F}
	EndGlobalSection
EndGlobal
